
Microsoft Visual Studio Solution File, Format Version 11.00
# Visual Studio 2010
# SharpDevelop 4.4
Project("{FAE04EC0-301F-11D3-BF4B-00C04F79EFBC}") = "BallStick", "BallStick\BallStick.csproj", "{B6D2A21D-26F0-43D4-90A8-75C3D17A4686}"
EndProject
Global
	GlobalSection(SolutionConfigurationPlatforms) = preSolution
		Debug|Any CPU = Debug|Any CPU
		Release|Any CPU = Release|Any CPU
	EndGlobalSection
	GlobalSection(ProjectConfigurationPlatforms) = postSolution
		{B6D2A21D-26F0-43D4-90A8-75C3D17A4686}.Debug|Any CPU.Build.0 = Debug|Any CPU
		{B6D2A21D-26F0-43D4-90A8-75C3D17A4686}.Debug|Any CPU.ActiveCfg = Debug|Any CPU
		{B6D2A21D-26F0-43D4-90A8-75C3D17A4686}.Release|Any CPU.Build.0 = Release|Any CPU
		{B6D2A21D-26F0-43D4-90A8-75C3D17A4686}.Release|Any CPU.ActiveCfg = Release|Any CPU
	EndGlobalSection
EndGlobal
